
Microsoft Visual Studio Solution File, Format Version 12.00
# Visual Studio Version 17
VisualStudioVersion = 17.2.32630.192
MinimumVisualStudioVersion = 10.0.40219.1
Project("{FAE04EC0-301F-11D3-BF4B-00C04F79EFBC}") = "Bank", "Bank.csproj", "{DB85F9D7-DFAA-40E5-948D-9837CC0E1973}"
EndProject
Global
	GlobalSection(SolutionConfigurationPlatforms) = preSolution
		Debug|Any CPU = Debug|Any CPU
		Release|Any CPU = Release|Any CPU
	EndGlobalSection
	GlobalSection(ProjectConfigurationPlatforms) = postSolution
		{DB85F9D7-DFAA-40E5-948D-9837CC0E1973}.Debug|Any CPU.ActiveCfg = Debug|Any CPU
		{DB85F9D7-DFAA-40E5-948D-9837CC0E1973}.Debug|Any CPU.Build.0 = Debug|Any CPU
		{DB85F9D7-DFAA-40E5-948D-9837CC0E1973}.Release|Any CPU.ActiveCfg = Release|Any CPU
		{DB85F9D7-DFAA-40E5-948D-9837CC0E1973}.Release|Any CPU.Build.0 = Release|Any CPU
	EndGlobalSection
	GlobalSection(SolutionProperties) = preSolution
		HideSolutionNode = FALSE
	EndGlobalSection
	GlobalSection(ExtensibilityGlobals) = postSolution
		SolutionGuid = {4EA64A12-903B-440C-918E-F9B6FD43BFB2}
	EndGlobalSection
EndGlobal
